// !$*UTF8*$!
{
	archiveVersion = 1;
	classes = {
	};
	objectVersion = 50;
	objects = {

/* Begin PBXBuildFile section */
		6E46F8ED215FD7B900C4A3AF /* ZXPageControl.m in Sources */ = {isa = PBXBuildFile; fileRef = 6E46F8E3215FD7B800C4A3AF /* ZXPageControl.m */; };
		6E46F8EE215FD7B900C4A3AF /* pagecontrol_dot_select@2x.png in Resources */ = {isa = PBXBuildFile; fileRef = 6E46F8E4215FD7B800C4A3AF /* pagecontrol_dot_select@2x.png */; };
		6E46F8EF215FD7B900C4A3AF /* ZXCycleBannerView.m in Sources */ = {isa = PBXBuildFile; fileRef = 6E46F8E5215FD7B800C4A3AF /* ZXCycleBannerView.m */; };
		6E46F8F0215FD7B900C4A3AF /* pagecontrol_dot_normal@2x.png in Resources */ = {isa = PBXBuildFile; fileRef = 6E46F8E6215FD7B800C4A3AF /* pagecontrol_dot_normal@2x.png */; };
		6E46F8F1215FD7B900C4A3AF /* ZXCycleCollectionViewCell.m in Sources */ = {isa = PBXBuildFile; fileRef = 6E46F8E7215FD7B800C4A3AF /* ZXCycleCollectionViewCell.m */; };
		6E46F8F2215FD7B900C4A3AF /* NSObject+ZXForKVO.m in Sources */ = {isa = PBXBuildFile; fileRef = 6E46F8EC215FD7B800C4A3AF /* NSObject+ZXForKVO.m */; };
		6E481EBF2146494B00C7B0A7 /* AppDelegate.m in Sources */ = {isa = PBXBuildFile; fileRef = 6E481EBE2146494B00C7B0A7 /* AppDelegate.m */; };
		6E481EC22146494B00C7B0A7 /* ViewController.m in Sources */ = {isa = PBXBuildFile; fileRef = 6E481EC12146494B00C7B0A7 /* ViewController.m */; };
		6E481EC52146494B00C7B0A7 /* Main.storyboard in Resources */ = {isa = PBXBuildFile; fileRef = 6E481EC32146494B00C7B0A7 /* Main.storyboard */; };
		6E481EC72146494C00C7B0A7 /* Assets.xcassets in Resources */ = {isa = PBXBuildFile; fileRef = 6E481EC62146494C00C7B0A7 /* Assets.xcassets */; };
		6E481ECA2146494C00C7B0A7 /* LaunchScreen.storyboard in Resources */ = {isa = PBXBuildFile; fileRef = 6E481EC82146494C00C7B0A7 /* LaunchScreen.storyboard */; };
		6E481ECD2146494C00C7B0A7 /* main.m in Sources */ = {isa = PBXBuildFile; fileRef = 6E481ECC2146494C00C7B0A7 /* main.m */; };
		6E481ED72146494C00C7B0A7 /* TestZXCycleBannerViewTests.m in Sources */ = {isa = PBXBuildFile; fileRef = 6E481ED62146494C00C7B0A7 /* TestZXCycleBannerViewTests.m */; };
		6E481EE22146494C00C7B0A7 /* TestZXCycleBannerViewUITests.m in Sources */ = {isa = PBXBuildFile; fileRef = 6E481EE12146494C00C7B0A7 /* TestZXCycleBannerViewUITests.m */; };
		6E4820222146593200C7B0A7 /* NSLayoutConstraint+MASDebugAdditions.m in Sources */ = {isa = PBXBuildFile; fileRef = 6E48200A2146593200C7B0A7 /* NSLayoutConstraint+MASDebugAdditions.m */; };
		6E4820232146593200C7B0A7 /* ViewController+MASAdditions.m in Sources */ = {isa = PBXBuildFile; fileRef = 6E4820132146593200C7B0A7 /* ViewController+MASAdditions.m */; };
		6E4820242146593200C7B0A7 /* MASCompositeConstraint.m in Sources */ = {isa = PBXBuildFile; fileRef = 6E4820172146593200C7B0A7 /* MASCompositeConstraint.m */; };
		6E4820252146593200C7B0A7 /* MASConstraintMaker.m in Sources */ = {isa = PBXBuildFile; fileRef = 6E4820182146593200C7B0A7 /* MASConstraintMaker.m */; };
		6E4820262146593200C7B0A7 /* MASLayoutConstraint.m in Sources */ = {isa = PBXBuildFile; fileRef = 6E4820192146593200C7B0A7 /* MASLayoutConstraint.m */; };
		6E4820272146593200C7B0A7 /* NSArray+MASAdditions.m in Sources */ = {isa = PBXBuildFile; fileRef = 6E48201A2146593200C7B0A7 /* NSArray+MASAdditions.m */; };
		6E4820282146593200C7B0A7 /* View+MASAdditions.m in Sources */ = {isa = PBXBuildFile; fileRef = 6E48201B2146593200C7B0A7 /* View+MASAdditions.m */; };
		6E4820292146593200C7B0A7 /* MASConstraint.m in Sources */ = {isa = PBXBuildFile; fileRef = 6E48201E2146593200C7B0A7 /* MASConstraint.m */; };
		6E48202A2146593200C7B0A7 /* MASViewConstraint.m in Sources */ = {isa = PBXBuildFile; fileRef = 6E4820202146593200C7B0A7 /* MASViewConstraint.m */; };
		6E48202B2146593200C7B0A7 /* MASViewAttribute.m in Sources */ = {isa = PBXBuildFile; fileRef = 6E4820212146593200C7B0A7 /* MASViewAttribute.m */; };
		6EB2C3522147989C00B41990 /* ZXPinProductsView.m in Sources */ = {isa = PBXBuildFile; fileRef = 6EB2C3512147989C00B41990 /* ZXPinProductsView.m */; };
		6EB2C3582148F11300B41990 /* ZXBrandPinProductsView.m in Sources */ = {isa = PBXBuildFile; fileRef = 6EB2C3572148F11300B41990 /* ZXBrandPinProductsView.m */; };
/* End PBXBuildFile section */

/* Begin PBXContainerItemProxy section */
		6E481ED32146494C00C7B0A7 /* PBXContainerItemProxy */ = {
			isa = PBXContainerItemProxy;
			containerPortal = 6E481EB22146494B00C7B0A7 /* Project object */;
			proxyType = 1;
			remoteGlobalIDString = 6E481EB92146494B00C7B0A7;
			remoteInfo = TestZXCycleBannerView;
		};
		6E481EDE2146494C00C7B0A7 /* PBXContainerItemProxy */ = {
			isa = PBXContainerItemProxy;
			containerPortal = 6E481EB22146494B00C7B0A7 /* Project object */;
			proxyType = 1;
			remoteGlobalIDString = 6E481EB92146494B00C7B0A7;
			remoteInfo = TestZXCycleBannerView;
		};
/* End PBXContainerItemProxy section */

/* Begin PBXFileReference section */
		6E46F8E3215FD7B800C4A3AF /* ZXPageControl.m */ = {isa = PBXFileReference; fileEncoding = 4; lastKnownFileType = sourcecode.c.objc; path = ZXPageControl.m; sourceTree = "<group>"; };
		6E46F8E4215FD7B800C4A3AF /* pagecontrol_dot_select@2x.png */ = {isa = PBXFileReference; lastKnownFileType = image.png; path = "pagecontrol_dot_select@2x.png"; sourceTree = "<group>"; };
		6E46F8E5215FD7B800C4A3AF /* ZXCycleBannerView.m */ = {isa = PBXFileReference; fileEncoding = 4; lastKnownFileType = sourcecode.c.objc; path = ZXCycleBannerView.m; sourceTree = "<group>"; };
		6E46F8E6215FD7B800C4A3AF /* pagecontrol_dot_normal@2x.png */ = {isa = PBXFileReference; lastKnownFileType = image.png; path = "pagecontrol_dot_normal@2x.png"; sourceTree = "<group>"; };
		6E46F8E7215FD7B800C4A3AF /* ZXCycleCollectionViewCell.m */ = {isa = PBXFileReference; fileEncoding = 4; lastKnownFileType = sourcecode.c.objc; path = ZXCycleCollectionViewCell.m; sourceTree = "<group>"; };
		6E46F8E8215FD7B800C4A3AF /* NSObject+ZXForKVO.h */ = {isa = PBXFileReference; fileEncoding = 4; lastKnownFileType = sourcecode.c.h; path = "NSObject+ZXForKVO.h"; sourceTree = "<group>"; };
		6E46F8E9215FD7B800C4A3AF /* ZXPageControl.h */ = {isa = PBXFileReference; fileEncoding = 4; lastKnownFileType = sourcecode.c.h; path = ZXPageControl.h; sourceTree = "<group>"; };
		6E46F8EA215FD7B800C4A3AF /* ZXCycleCollectionViewCell.h */ = {isa = PBXFileReference; fileEncoding = 4; lastKnownFileType = sourcecode.c.h; path = ZXCycleCollectionViewCell.h; sourceTree = "<group>"; };
		6E46F8EB215FD7B800C4A3AF /* ZXCycleBannerView.h */ = {isa = PBXFileReference; fileEncoding = 4; lastKnownFileType = sourcecode.c.h; path = ZXCycleBannerView.h; sourceTree = "<group>"; };
		6E46F8EC215FD7B800C4A3AF /* NSObject+ZXForKVO.m */ = {isa = PBXFileReference; fileEncoding = 4; lastKnownFileType = sourcecode.c.objc; path = "NSObject+ZXForKVO.m"; sourceTree = "<group>"; };
		6E481EBA2146494B00C7B0A7 /* TestZXCycleBannerView.app */ = {isa = PBXFileReference; explicitFileType = wrapper.application; includeInIndex = 0; path = TestZXCycleBannerView.app; sourceTree = BUILT_PRODUCTS_DIR; };
		6E481EBD2146494B00C7B0A7 /* AppDelegate.h */ = {isa = PBXFileReference; lastKnownFileType = sourcecode.c.h; path = AppDelegate.h; sourceTree = "<group>"; };
		6E481EBE2146494B00C7B0A7 /* AppDelegate.m */ = {isa = PBXFileReference; lastKnownFileType = sourcecode.c.objc; path = AppDelegate.m; sourceTree = "<group>"; };
		6E481EC02146494B00C7B0A7 /* ViewController.h */ = {isa = PBXFileReference; lastKnownFileType = sourcecode.c.h; path = ViewController.h; sourceTree = "<group>"; };
		6E481EC12146494B00C7B0A7 /* ViewController.m */ = {isa = PBXFileReference; lastKnownFileType = sourcecode.c.objc; path = ViewController.m; sourceTree = "<group>"; };
		6E481EC42146494B00C7B0A7 /* Base */ = {isa = PBXFileReference; lastKnownFileType = file.storyboard; name = Base; path = Base.lproj/Main.storyboard; sourceTree = "<group>"; };
		6E481EC62146494C00C7B0A7 /* Assets.xcassets */ = {isa = PBXFileReference; lastKnownFileType = folder.assetcatalog; path = Assets.xcassets; sourceTree = "<group>"; };
		6E481EC92146494C00C7B0A7 /* Base */ = {isa = PBXFileReference; lastKnownFileType = file.storyboard; name = Base; path = Base.lproj/LaunchScreen.storyboard; sourceTree = "<group>"; };
		6E481ECB2146494C00C7B0A7 /* Info.plist */ = {isa = PBXFileReference; lastKnownFileType = text.plist.xml; path = Info.plist; sourceTree = "<group>"; };
		6E481ECC2146494C00C7B0A7 /* main.m */ = {isa = PBXFileReference; lastKnownFileType = sourcecode.c.objc; path = main.m; sourceTree = "<group>"; };
		6E481ED22146494C00C7B0A7 /* TestZXCycleBannerViewTests.xctest */ = {isa = PBXFileReference; explicitFileType = wrapper.cfbundle; includeInIndex = 0; path = TestZXCycleBannerViewTests.xctest; sourceTree = BUILT_PRODUCTS_DIR; };
		6E481ED62146494C00C7B0A7 /* TestZXCycleBannerViewTests.m */ = {isa = PBXFileReference; lastKnownFileType = sourcecode.c.objc; path = TestZXCycleBannerViewTests.m; sourceTree = "<group>"; };
		6E481ED82146494C00C7B0A7 /* Info.plist */ = {isa = PBXFileReference; lastKnownFileType = text.plist.xml; path = Info.plist; sourceTree = "<group>"; };
		6E481EDD2146494C00C7B0A7 /* TestZXCycleBannerViewUITests.xctest */ = {isa = PBXFileReference; explicitFileType = wrapper.cfbundle; includeInIndex = 0; path = TestZXCycleBannerViewUITests.xctest; sourceTree = BUILT_PRODUCTS_DIR; };
		6E481EE12146494C00C7B0A7 /* TestZXCycleBannerViewUITests.m */ = {isa = PBXFileReference; lastKnownFileType = sourcecode.c.objc; path = TestZXCycleBannerViewUITests.m; sourceTree = "<group>"; };
		6E481EE32146494C00C7B0A7 /* Info.plist */ = {isa = PBXFileReference; lastKnownFileType = text.plist.xml; path = Info.plist; sourceTree = "<group>"; };
		6E4820092146593200C7B0A7 /* MASCompositeConstraint.h */ = {isa = PBXFileReference; fileEncoding = 4; lastKnownFileType = sourcecode.c.h; path = MASCompositeConstraint.h; sourceTree = "<group>"; };
		6E48200A2146593200C7B0A7 /* NSLayoutConstraint+MASDebugAdditions.m */ = {isa = PBXFileReference; fileEncoding = 4; lastKnownFileType = sourcecode.c.objc; path = "NSLayoutConstraint+MASDebugAdditions.m"; sourceTree = "<group>"; };
		6E48200B2146593200C7B0A7 /* MASConstraint+Private.h */ = {isa = PBXFileReference; fileEncoding = 4; lastKnownFileType = sourcecode.c.h; path = "MASConstraint+Private.h"; sourceTree = "<group>"; };
		6E48200C2146593200C7B0A7 /* MASLayoutConstraint.h */ = {isa = PBXFileReference; fileEncoding = 4; lastKnownFileType = sourcecode.c.h; path = MASLayoutConstraint.h; sourceTree = "<group>"; };
		6E48200D2146593200C7B0A7 /* NSArray+MASShorthandAdditions.h */ = {isa = PBXFileReference; fileEncoding = 4; lastKnownFileType = sourcecode.c.h; path = "NSArray+MASShorthandAdditions.h"; sourceTree = "<group>"; };
		6E48200E2146593200C7B0A7 /* MASConstraintMaker.h */ = {isa = PBXFileReference; fileEncoding = 4; lastKnownFileType = sourcecode.c.h; path = MASConstraintMaker.h; sourceTree = "<group>"; };
		6E48200F2146593200C7B0A7 /* View+MASAdditions.h */ = {isa = PBXFileReference; fileEncoding = 4; lastKnownFileType = sourcecode.c.h; path = "View+MASAdditions.h"; sourceTree = "<group>"; };
		6E4820102146593200C7B0A7 /* NSArray+MASAdditions.h */ = {isa = PBXFileReference; fileEncoding = 4; lastKnownFileType = sourcecode.c.h; path = "NSArray+MASAdditions.h"; sourceTree = "<group>"; };
		6E4820112146593200C7B0A7 /* MASUtilities.h */ = {isa = PBXFileReference; fileEncoding = 4; lastKnownFileType = sourcecode.c.h; path = MASUtilities.h; sourceTree = "<group>"; };
		6E4820122146593200C7B0A7 /* MASViewAttribute.h */ = {isa = PBXFileReference; fileEncoding = 4; lastKnownFileType = sourcecode.c.h; path = MASViewAttribute.h; sourceTree = "<group>"; };
		6E4820132146593200C7B0A7 /* ViewController+MASAdditions.m */ = {isa = PBXFileReference; fileEncoding = 4; lastKnownFileType = sourcecode.c.objc; path = "ViewController+MASAdditions.m"; sourceTree = "<group>"; };
		6E4820142146593200C7B0A7 /* MASViewConstraint.h */ = {isa = PBXFileReference; fileEncoding = 4; lastKnownFileType = sourcecode.c.h; path = MASViewConstraint.h; sourceTree = "<group>"; };
		6E4820152146593200C7B0A7 /* MASConstraint.h */ = {isa = PBXFileReference; fileEncoding = 4; lastKnownFileType = sourcecode.c.h; path = MASConstraint.h; sourceTree = "<group>"; };
		6E4820162146593200C7B0A7 /* NSLayoutConstraint+MASDebugAdditions.h */ = {isa = PBXFileReference; fileEncoding = 4; lastKnownFileType = sourcecode.c.h; path = "NSLayoutConstraint+MASDebugAdditions.h"; sourceTree = "<group>"; };
		6E4820172146593200C7B0A7 /* MASCompositeConstraint.m */ = {isa = PBXFileReference; fileEncoding = 4; lastKnownFileType = sourcecode.c.objc; path = MASCompositeConstraint.m; sourceTree = "<group>"; };
		6E4820182146593200C7B0A7 /* MASConstraintMaker.m */ = {isa = PBXFileReference; fileEncoding = 4; lastKnownFileType = sourcecode.c.objc; path = MASConstraintMaker.m; sourceTree = "<group>"; };
		6E4820192146593200C7B0A7 /* MASLayoutConstraint.m */ = {isa = PBXFileReference; fileEncoding = 4; lastKnownFileType = sourcecode.c.objc; path = MASLayoutConstraint.m; sourceTree = "<group>"; };
		6E48201A2146593200C7B0A7 /* NSArray+MASAdditions.m */ = {isa = PBXFileReference; fileEncoding = 4; lastKnownFileType = sourcecode.c.objc; path = "NSArray+MASAdditions.m"; sourceTree = "<group>"; };
		6E48201B2146593200C7B0A7 /* View+MASAdditions.m */ = {isa = PBXFileReference; fileEncoding = 4; lastKnownFileType = sourcecode.c.objc; path = "View+MASAdditions.m"; sourceTree = "<group>"; };
		6E48201C2146593200C7B0A7 /* View+MASShorthandAdditions.h */ = {isa = PBXFileReference; fileEncoding = 4; lastKnownFileType = sourcecode.c.h; path = "View+MASShorthandAdditions.h"; sourceTree = "<group>"; };
		6E48201D2146593200C7B0A7 /* Masonry.h */ = {isa = PBXFileReference; fileEncoding = 4; lastKnownFileType = sourcecode.c.h; path = Masonry.h; sourceTree = "<group>"; };
		6E48201E2146593200C7B0A7 /* MASConstraint.m */ = {isa = PBXFileReference; fileEncoding = 4; lastKnownFileType = sourcecode.c.objc; path = MASConstraint.m; sourceTree = "<group>"; };
		6E48201F2146593200C7B0A7 /* ViewController+MASAdditions.h */ = {isa = PBXFileReference; fileEncoding = 4; lastKnownFileType = sourcecode.c.h; path = "ViewController+MASAdditions.h"; sourceTree = "<group>"; };
		6E4820202146593200C7B0A7 /* MASViewConstraint.m */ = {isa = PBXFileReference; fileEncoding = 4; lastKnownFileType = sourcecode.c.objc; path = MASViewConstraint.m; sourceTree = "<group>"; };
		6E4820212146593200C7B0A7 /* MASViewAttribute.m */ = {isa = PBXFileReference; fileEncoding = 4; lastKnownFileType = sourcecode.c.objc; path = MASViewAttribute.m; sourceTree = "<group>"; };
		6EB2C3502147989C00B41990 /* ZXPinProductsView.h */ = {isa = PBXFileReference; lastKnownFileType = sourcecode.c.h; path = ZXPinProductsView.h; sourceTree = "<group>"; };
		6EB2C3512147989C00B41990 /* ZXPinProductsView.m */ = {isa = PBXFileReference; lastKnownFileType = sourcecode.c.objc; path = ZXPinProductsView.m; sourceTree = "<group>"; };
		6EB2C3562148F11300B41990 /* ZXBrandPinProductsView.h */ = {isa = PBXFileReference; lastKnownFileType = sourcecode.c.h; path = ZXBrandPinProductsView.h; sourceTree = "<group>"; };
		6EB2C3572148F11300B41990 /* ZXBrandPinProductsView.m */ = {isa = PBXFileReference; lastKnownFileType = sourcecode.c.objc; path = ZXBrandPinProductsView.m; sourceTree = "<group>"; };
/* End PBXFileReference section */

/* Begin PBXFrameworksBuildPhase section */
		6E481EB72146494B00C7B0A7 /* Frameworks */ = {
			isa = PBXFrameworksBuildPhase;
			buildActionMask = 2147483647;
			files = (
			);
			runOnlyForDeploymentPostprocessing = 0;
		};
		6E481ECF2146494C00C7B0A7 /* Frameworks */ = {
			isa = PBXFrameworksBuildPhase;
			buildActionMask = 2147483647;
			files = (
			);
			runOnlyForDeploymentPostprocessing = 0;
		};
		6E481EDA2146494C00C7B0A7 /* Frameworks */ = {
			isa = PBXFrameworksBuildPhase;
			buildActionMask = 2147483647;
			files = (
			);
			runOnlyForDeploymentPostprocessing = 0;
		};
/* End PBXFrameworksBuildPhase section */

/* Begin PBXGroup section */
		6E46F8E2215FD7B800C4A3AF /* ZXCycleBannerView */ = {
			isa = PBXGroup;
			children = (
				6E46F8E3215FD7B800C4A3AF /* ZXPageControl.m */,
				6E46F8E4215FD7B800C4A3AF /* pagecontrol_dot_select@2x.png */,
				6E46F8E5215FD7B800C4A3AF /* ZXCycleBannerView.m */,
				6E46F8E6215FD7B800C4A3AF /* pagecontrol_dot_normal@2x.png */,
				6E46F8E7215FD7B800C4A3AF /* ZXCycleCollectionViewCell.m */,
				6E46F8E8215FD7B800C4A3AF /* NSObject+ZXForKVO.h */,
				6E46F8E9215FD7B800C4A3AF /* ZXPageControl.h */,
				6E46F8EA215FD7B800C4A3AF /* ZXCycleCollectionViewCell.h */,
				6E46F8EB215FD7B800C4A3AF /* ZXCycleBannerView.h */,
				6E46F8EC215FD7B800C4A3AF /* NSObject+ZXForKVO.m */,
			);
			name = ZXCycleBannerView;
			path = ../../ZXCycleBannerView;
			sourceTree = "<group>";
		};
		6E481EB12146494B00C7B0A7 = {
			isa = PBXGroup;
			children = (
				6E481EBC2146494B00C7B0A7 /* TestZXCycleBannerView */,
				6E481ED52146494C00C7B0A7 /* TestZXCycleBannerViewTests */,
				6E481EE02146494C00C7B0A7 /* TestZXCycleBannerViewUITests */,
				6E481EBB2146494B00C7B0A7 /* Products */,
			);
			sourceTree = "<group>";
		};
		6E481EBB2146494B00C7B0A7 /* Products */ = {
			isa = PBXGroup;
			children = (
				6E481EBA2146494B00C7B0A7 /* TestZXCycleBannerView.app */,
				6E481ED22146494C00C7B0A7 /* TestZXCycleBannerViewTests.xctest */,
				6E481EDD2146494C00C7B0A7 /* TestZXCycleBannerViewUITests.xctest */,
			);
			name = Products;
			sourceTree = "<group>";
		};
		6E481EBC2146494B00C7B0A7 /* TestZXCycleBannerView */ = {
			isa = PBXGroup;
			children = (
				6E46F8E2215FD7B800C4A3AF /* ZXCycleBannerView */,
				6E4820082146593200C7B0A7 /* Masonry */,
				6E481EBD2146494B00C7B0A7 /* AppDelegate.h */,
				6E481EBE2146494B00C7B0A7 /* AppDelegate.m */,
				6E481EC02146494B00C7B0A7 /* ViewController.h */,
				6E481EC12146494B00C7B0A7 /* ViewController.m */,
				6EB2C3502147989C00B41990 /* ZXPinProductsView.h */,
				6EB2C3512147989C00B41990 /* ZXPinProductsView.m */,
				6EB2C3562148F11300B41990 /* ZXBrandPinProductsView.h */,
				6EB2C3572148F11300B41990 /* ZXBrandPinProductsView.m */,
				6E481EC32146494B00C7B0A7 /* Main.storyboard */,
				6E481EC62146494C00C7B0A7 /* Assets.xcassets */,
				6E481EC82146494C00C7B0A7 /* LaunchScreen.storyboard */,
				6E481ECB2146494C00C7B0A7 /* Info.plist */,
				6E481ECC2146494C00C7B0A7 /* main.m */,
			);
			path = TestZXCycleBannerView;
			sourceTree = "<group>";
		};
		6E481ED52146494C00C7B0A7 /* TestZXCycleBannerViewTests */ = {
			isa = PBXGroup;
			children = (
				6E481ED62146494C00C7B0A7 /* TestZXCycleBannerViewTests.m */,
				6E481ED82146494C00C7B0A7 /* Info.plist */,
			);
			path = TestZXCycleBannerViewTests;
			sourceTree = "<group>";
		};
		6E481EE02146494C00C7B0A7 /* TestZXCycleBannerViewUITests */ = {
			isa = PBXGroup;
			children = (
				6E481EE12146494C00C7B0A7 /* TestZXCycleBannerViewUITests.m */,
				6E481EE32146494C00C7B0A7 /* Info.plist */,
			);
			path = TestZXCycleBannerViewUITests;
			sourceTree = "<group>";
		};
		6E4820082146593200C7B0A7 /* Masonry */ = {
			isa = PBXGroup;
			children = (
				6E4820092146593200C7B0A7 /* MASCompositeConstraint.h */,
				6E48200A2146593200C7B0A7 /* NSLayoutConstraint+MASDebugAdditions.m */,
				6E48200B2146593200C7B0A7 /* MASConstraint+Private.h */,
				6E48200C2146593200C7B0A7 /* MASLayoutConstraint.h */,
				6E48200D2146593200C7B0A7 /* NSArray+MASShorthandAdditions.h */,
				6E48200E2146593200C7B0A7 /* MASConstraintMaker.h */,
				6E48200F2146593200C7B0A7 /* View+MASAdditions.h */,
				6E4820102146593200C7B0A7 /* NSArray+MASAdditions.h */,
				6E4820112146593200C7B0A7 /* MASUtilities.h */,
				6E4820122146593200C7B0A7 /* MASViewAttribute.h */,
				6E4820132146593200C7B0A7 /* ViewController+MASAdditions.m */,
				6E4820142146593200C7B0A7 /* MASViewConstraint.h */,
				6E4820152146593200C7B0A7 /* MASConstraint.h */,
				6E4820162146593200C7B0A7 /* NSLayoutConstraint+MASDebugAdditions.h */,
				6E4820172146593200C7B0A7 /* MASCompositeConstraint.m */,
				6E4820182146593200C7B0A7 /* MASConstraintMaker.m */,
				6E4820192146593200C7B0A7 /* MASLayoutConstraint.m */,
				6E48201A2146593200C7B0A7 /* NSArray+MASAdditions.m */,
				6E48201B2146593200C7B0A7 /* View+MASAdditions.m */,
				6E48201C2146593200C7B0A7 /* View+MASShorthandAdditions.h */,
				6E48201D2146593200C7B0A7 /* Masonry.h */,
				6E48201E2146593200C7B0A7 /* MASConstraint.m */,
				6E48201F2146593200C7B0A7 /* ViewController+MASAdditions.h */,
				6E4820202146593200C7B0A7 /* MASViewConstraint.m */,
				6E4820212146593200C7B0A7 /* MASViewAttribute.m */,
			);
			path = Masonry;
			sourceTree = "<group>";
		};
/* End PBXGroup section */

/* Begin PBXNativeTarget section */
		6E481EB92146494B00C7B0A7 /* TestZXCycleBannerView */ = {
			isa = PBXNativeTarget;
			buildConfigurationList = 6E481EE62146494C00C7B0A7 /* Build configuration list for PBXNativeTarget "TestZXCycleBannerView" */;
			buildPhases = (
				6E481EB62146494B00C7B0A7 /* Sources */,
				6E481EB72146494B00C7B0A7 /* Frameworks */,
				6E481EB82146494B00C7B0A7 /* Resources */,
			);
			buildRules = (
			);
			dependencies = (
			);
			name = TestZXCycleBannerView;
			productName = TestZXCycleBannerView;
			productReference = 6E481EBA2146494B00C7B0A7 /* TestZXCycleBannerView.app */;
			productType = "com.apple.product-type.application";
		};
		6E481ED12146494C00C7B0A7 /* TestZXCycleBannerViewTests */ = {
			isa = PBXNativeTarget;
			buildConfigurationList = 6E481EE92146494C00C7B0A7 /* Build configuration list for PBXNativeTarget "TestZXCycleBannerViewTests" */;
			buildPhases = (
				6E481ECE2146494C00C7B0A7 /* Sources */,
				6E481ECF2146494C00C7B0A7 /* Frameworks */,
				6E481ED02146494C00C7B0A7 /* Resources */,
			);
			buildRules = (
			);
			dependencies = (
				6E481ED42146494C00C7B0A7 /* PBXTargetDependency */,
			);
			name = TestZXCycleBannerViewTests;
			productName = TestZXCycleBannerViewTests;
			productReference = 6E481ED22146494C00C7B0A7 /* TestZXCycleBannerViewTests.xctest */;
			productType = "com.apple.product-type.bundle.unit-test";
		};
		6E481EDC2146494C00C7B0A7 /* TestZXCycleBannerViewUITests */ = {
			isa = PBXNativeTarget;
			buildConfigurationList = 6E481EEC2146494C00C7B0A7 /* Build configuration list for PBXNativeTarget "TestZXCycleBannerViewUITests" */;
			buildPhases = (
				6E481ED92146494C00C7B0A7 /* Sources */,
				6E481EDA2146494C00C7B0A7 /* Frameworks */,
				6E481EDB2146494C00C7B0A7 /* Resources */,
			);
			buildRules = (
			);
			dependencies = (
				6E481EDF2146494C00C7B0A7 /* PBXTargetDependency */,
			);
			name = TestZXCycleBannerViewUITests;
			productName = TestZXCycleBannerViewUITests;
			productReference = 6E481EDD2146494C00C7B0A7 /* TestZXCycleBannerViewUITests.xctest */;
			productType = "com.apple.product-type.bundle.ui-testing";
		};
/* End PBXNativeTarget section */

/* Begin PBXProject section */
		6E481EB22146494B00C7B0A7 /* Project object */ = {
			isa = PBXProject;
			attributes = {
				LastUpgradeCheck = 0940;
				ORGANIZATIONNAME = zhaoxu;
				TargetAttributes = {
					6E481EB92146494B00C7B0A7 = {
						CreatedOnToolsVersion = 9.4.1;
					};
					6E481ED12146494C00C7B0A7 = {
						CreatedOnToolsVersion = 9.4.1;
						TestTargetID = 6E481EB92146494B00C7B0A7;
					};
					6E481EDC2146494C00C7B0A7 = {
						CreatedOnToolsVersion = 9.4.1;
						TestTargetID = 6E481EB92146494B00C7B0A7;
					};
				};
			};
			buildConfigurationList = 6E481EB52146494B00C7B0A7 /* Build configuration list for PBXProject "TestZXCycleBannerView" */;
			compatibilityVersion = "Xcode 9.3";
			developmentRegion = en;
			hasScannedForEncodings = 0;
			knownRegions = (
				en,
				Base,
			);
			mainGroup = 6E481EB12146494B00C7B0A7;
			productRefGroup = 6E481EBB2146494B00C7B0A7 /* Products */;
			projectDirPath = "";
			projectRoot = "";
			targets = (
				6E481EB92146494B00C7B0A7 /* TestZXCycleBannerView */,
				6E481ED12146494C00C7B0A7 /* TestZXCycleBannerViewTests */,
				6E481EDC2146494C00C7B0A7 /* TestZXCycleBannerViewUITests */,
			);
		};
/* End PBXProject section */

/* Begin PBXResourcesBuildPhase section */
		6E481EB82146494B00C7B0A7 /* Resources */ = {
			isa = PBXResourcesBuildPhase;
			buildActionMask = 2147483647;
			files = (
				6E481ECA2146494C00C7B0A7 /* LaunchScreen.storyboard in Resources */,
				6E46F8EE215FD7B900C4A3AF /* pagecontrol_dot_select@2x.png in Resources */,
				6E46F8F0215FD7B900C4A3AF /* pagecontrol_dot_normal@2x.png in Resources */,
				6E481EC72146494C00C7B0A7 /* Assets.xcassets in Resources */,
				6E481EC52146494B00C7B0A7 /* Main.storyboard in Resources */,
			);
			runOnlyForDeploymentPostprocessing = 0;
		};
		6E481ED02146494C00C7B0A7 /* Resources */ = {
			isa = PBXResourcesBuildPhase;
			buildActionMask = 2147483647;
			files = (
			);
			runOnlyForDeploymentPostprocessing = 0;
		};
		6E481EDB2146494C00C7B0A7 /* Resources */ = {
			isa = PBXResourcesBuildPhase;
			buildActionMask = 2147483647;
			files = (
			);
			runOnlyForDeploymentPostprocessing = 0;
		};
/* End PBXResourcesBuildPhase section */

/* Begin PBXSourcesBuildPhase section */
		6E481EB62146494B00C7B0A7 /* Sources */ = {
			isa = PBXSourcesBuildPhase;
			buildActionMask = 2147483647;
			files = (
				6E46F8EF215FD7B900C4A3AF /* ZXCycleBannerView.m in Sources */,
				6E4820242146593200C7B0A7 /* MASCompositeConstraint.m in Sources */,
				6E481EC22146494B00C7B0A7 /* ViewController.m in Sources */,
				6E4820262146593200C7B0A7 /* MASLayoutConstraint.m in Sources */,
				6EB2C3582148F11300B41990 /* ZXBrandPinProductsView.m in Sources */,
				6E48202A2146593200C7B0A7 /* MASViewConstraint.m in Sources */,
				6E48202B2146593200C7B0A7 /* MASViewAttribute.m in Sources */,
				6E4820292146593200C7B0A7 /* MASConstraint.m in Sources */,
				6E4820252146593200C7B0A7 /* MASConstraintMaker.m in Sources */,
				6EB2C3522147989C00B41990 /* ZXPinProductsView.m in Sources */,
				6E4820232146593200C7B0A7 /* ViewController+MASAdditions.m in Sources */,
				6E46F8F2215FD7B900C4A3AF /* NSObject+ZXForKVO.m in Sources */,
				6E46F8ED215FD7B900C4A3AF /* ZXPageControl.m in Sources */,
				6E4820282146593200C7B0A7 /* View+MASAdditions.m in Sources */,
				6E4820222146593200C7B0A7 /* NSLayoutConstraint+MASDebugAdditions.m in Sources */,
				6E4820272146593200C7B0A7 /* NSArray+MASAdditions.m in Sources */,
				6E481ECD2146494C00C7B0A7 /* main.m in Sources */,
				6E481EBF2146494B00C7B0A7 /* AppDelegate.m in Sources */,
				6E46F8F1215FD7B900C4A3AF /* ZXCycleCollectionViewCell.m in Sources */,
			);
			runOnlyForDeploymentPostprocessing = 0;
		};
		6E481ECE2146494C00C7B0A7 /* Sources */ = {
			isa = PBXSourcesBuildPhase;
			buildActionMask = 2147483647;
			files = (
				6E481ED72146494C00C7B0A7 /* TestZXCycleBannerViewTests.m in Sources */,
			);
			runOnlyForDeploymentPostprocessing = 0;
		};
		6E481ED92146494C00C7B0A7 /* Sources */ = {
			isa = PBXSourcesBuildPhase;
			buildActionMask = 2147483647;
			files = (
				6E481EE22146494C00C7B0A7 /* TestZXCycleBannerViewUITests.m in Sources */,
			);
			runOnlyForDeploymentPostprocessing = 0;
		};
/* End PBXSourcesBuildPhase section */

/* Begin PBXTargetDependency section */
		6E481ED42146494C00C7B0A7 /* PBXTargetDependency */ = {
			isa = PBXTargetDependency;
			target = 6E481EB92146494B00C7B0A7 /* TestZXCycleBannerView */;
			targetProxy = 6E481ED32146494C00C7B0A7 /* PBXContainerItemProxy */;
		};
		6E481EDF2146494C00C7B0A7 /* PBXTargetDependency */ = {
			isa = PBXTargetDependency;
			target = 6E481EB92146494B00C7B0A7 /* TestZXCycleBannerView */;
			targetProxy = 6E481EDE2146494C00C7B0A7 /* PBXContainerItemProxy */;
		};
/* End PBXTargetDependency section */

/* Begin PBXVariantGroup section */
		6E481EC32146494B00C7B0A7 /* Main.storyboard */ = {
			isa = PBXVariantGroup;
			children = (
				6E481EC42146494B00C7B0A7 /* Base */,
			);
			name = Main.storyboard;
			sourceTree = "<group>";
		};
		6E481EC82146494C00C7B0A7 /* LaunchScreen.storyboard */ = {
			isa = PBXVariantGroup;
			children = (
				6E481EC92146494C00C7B0A7 /* Base */,
			);
			name = LaunchScreen.storyboard;
			sourceTree = "<group>";
		};
/* End PBXVariantGroup section */

/* Begin XCBuildConfiguration section */
		6E481EE42146494C00C7B0A7 /* Debug */ = {
			isa = XCBuildConfiguration;
			buildSettings = {
				ALWAYS_SEARCH_USER_PATHS = NO;
				CLANG_ANALYZER_NONNULL = YES;
				CLANG_ANALYZER_NUMBER_OBJECT_CONVERSION = YES_AGGRESSIVE;
				CLANG_CXX_LANGUAGE_STANDARD = "gnu++14";
				CLANG_CXX_LIBRARY = "libc++";
				CLANG_ENABLE_MODULES = YES;
				CLANG_ENABLE_OBJC_ARC = YES;
				CLANG_ENABLE_OBJC_WEAK = YES;
				CLANG_WARN_BLOCK_CAPTURE_AUTORELEASING = YES;
				CLANG_WARN_BOOL_CONVERSION = YES;
				CLANG_WARN_COMMA = YES;
				CLANG_WARN_CONSTANT_CONVERSION = YES;
				CLANG_WARN_DEPRECATED_OBJC_IMPLEMENTATIONS = YES;
				CLANG_WARN_DIRECT_OBJC_ISA_USAGE = YES_ERROR;
				CLANG_WARN_DOCUMENTATION_COMMENTS = YES;
				CLANG_WARN_EMPTY_BODY = YES;
				CLANG_WARN_ENUM_CONVERSION = YES;
				CLANG_WARN_INFINITE_RECURSION = YES;
				CLANG_WARN_INT_CONVERSION = YES;
				CLANG_WARN_NON_LITERAL_NULL_CONVERSION = YES;
				CLANG_WARN_OBJC_IMPLICIT_RETAIN_SELF = YES;
				CLANG_WARN_OBJC_LITERAL_CONVERSION = YES;
				CLANG_WARN_OBJC_ROOT_CLASS = YES_ERROR;
				CLANG_WARN_RANGE_LOOP_ANALYSIS = YES;
				CLANG_WARN_STRICT_PROTOTYPES = YES;
				CLANG_WARN_SUSPICIOUS_MOVE = YES;
				CLANG_WARN_UNGUARDED_AVAILABILITY = YES_AGGRESSIVE;
				CLANG_WARN_UNREACHABLE_CODE = YES;
				CLANG_WARN__DUPLICATE_METHOD_MATCH = YES;
				CODE_SIGN_IDENTITY = "iPhone Developer";
				COPY_PHASE_STRIP = NO;
				DEBUG_INFORMATION_FORMAT = dwarf;
				ENABLE_STRICT_OBJC_MSGSEND = YES;
				ENABLE_TESTABILITY = YES;
				GCC_C_LANGUAGE_STANDARD = gnu11;
				GCC_DYNAMIC_NO_PIC = NO;
				GCC_NO_COMMON_BLOCKS = YES;
				GCC_OPTIMIZATION_LEVEL = 0;
				GCC_PREPROCESSOR_DEFINITIONS = (
					"DEBUG=1",
					"$(inherited)",
				);
				GCC_WARN_64_TO_32_BIT_CONVERSION = YES;
				GCC_WARN_ABOUT_RETURN_TYPE = YES_ERROR;
				GCC_WARN_UNDECLARED_SELECTOR = YES;
				GCC_WARN_UNINITIALIZED_AUTOS = YES_AGGRESSIVE;
				GCC_WARN_UNUSED_FUNCTION = YES;
				GCC_WARN_UNUSED_VARIABLE = YES;
				IPHONEOS_DEPLOYMENT_TARGET = 11.4;
				MTL_ENABLE_DEBUG_INFO = YES;
				ONLY_ACTIVE_ARCH = YES;
				SDKROOT = iphoneos;
			};
			name = Debug;
		};
		6E481EE52146494C00C7B0A7 /* Release */ = {
			isa = XCBuildConfiguration;
			buildSettings = {
				ALWAYS_SEARCH_USER_PATHS = NO;
				CLANG_ANALYZER_NONNULL = YES;
				CLANG_ANALYZER_NUMBER_OBJECT_CONVERSION = YES_AGGRESSIVE;
				CLANG_CXX_LANGUAGE_STANDARD = "gnu++14";
				CLANG_CXX_LIBRARY = "libc++";
				CLANG_ENABLE_MODULES = YES;
				CLANG_ENABLE_OBJC_ARC = YES;
				CLANG_ENABLE_OBJC_WEAK = YES;
				CLANG_WARN_BLOCK_CAPTURE_AUTORELEASING = YES;
				CLANG_WARN_BOOL_CONVERSION = YES;
				CLANG_WARN_COMMA = YES;
				CLANG_WARN_CONSTANT_CONVERSION = YES;
				CLANG_WARN_DEPRECATED_OBJC_IMPLEMENTATIONS = YES;
				CLANG_WARN_DIRECT_OBJC_ISA_USAGE = YES_ERROR;
				CLANG_WARN_DOCUMENTATION_COMMENTS = YES;
				CLANG_WARN_EMPTY_BODY = YES;
				CLANG_WARN_ENUM_CONVERSION = YES;
				CLANG_WARN_INFINITE_RECURSION = YES;
				CLANG_WARN_INT_CONVERSION = YES;
				CLANG_WARN_NON_LITERAL_NULL_CONVERSION = YES;
				CLANG_WARN_OBJC_IMPLICIT_RETAIN_SELF = YES;
				CLANG_WARN_OBJC_LITERAL_CONVERSION = YES;
				CLANG_WARN_OBJC_ROOT_CLASS = YES_ERROR;
				CLANG_WARN_RANGE_LOOP_ANALYSIS = YES;
				CLANG_WARN_STRICT_PROTOTYPES = YES;
				CLANG_WARN_SUSPICIOUS_MOVE = YES;
				CLANG_WARN_UNGUARDED_AVAILABILITY = YES_AGGRESSIVE;
				CLANG_WARN_UNREACHABLE_CODE = YES;
				CLANG_WARN__DUPLICATE_METHOD_MATCH = YES;
				CODE_SIGN_IDENTITY = "iPhone Developer";
				COPY_PHASE_STRIP = NO;
				DEBUG_INFORMATION_FORMAT = "dwarf-with-dsym";
				ENABLE_NS_ASSERTIONS = NO;
				ENABLE_STRICT_OBJC_MSGSEND = YES;
				GCC_C_LANGUAGE_STANDARD = gnu11;
				GCC_NO_COMMON_BLOCKS = YES;
				GCC_WARN_64_TO_32_BIT_CONVERSION = YES;
				GCC_WARN_ABOUT_RETURN_TYPE = YES_ERROR;
				GCC_WARN_UNDECLARED_SELECTOR = YES;
				GCC_WARN_UNINITIALIZED_AUTOS = YES_AGGRESSIVE;
				GCC_WARN_UNUSED_FUNCTION = YES;
				GCC_WARN_UNUSED_VARIABLE = YES;
				IPHONEOS_DEPLOYMENT_TARGET = 11.4;
				MTL_ENABLE_DEBUG_INFO = NO;
				SDKROOT = iphoneos;
				VALIDATE_PRODUCT = YES;
			};
			name = Release;
		};
		6E481EE72146494C00C7B0A7 /* Debug */ = {
			isa = XCBuildConfiguration;
			buildSettings = {
				ASSETCATALOG_COMPILER_APPICON_NAME = AppIcon;
				CODE_SIGN_STYLE = Automatic;
				FRAMEWORK_SEARCH_PATHS = (
					"$(inherited)",
					"$(PROJECT_DIR)/TestZXCycleBannerView/YYKit/Vendor",
				);
				INFOPLIST_FILE = TestZXCycleBannerView/Info.plist;
				LD_RUNPATH_SEARCH_PATHS = (
					"$(inherited)",
					"@executable_path/Frameworks",
				);
				PRODUCT_BUNDLE_IDENTIFIER = suning.TestZXCycleBannerView;
				PRODUCT_NAME = "$(TARGET_NAME)";
				TARGETED_DEVICE_FAMILY = "1,2";
			};
			name = Debug;
		};
		6E481EE82146494C00C7B0A7 /* Release */ = {
			isa = XCBuildConfiguration;
			buildSettings = {
				ASSETCATALOG_COMPILER_APPICON_NAME = AppIcon;
				CODE_SIGN_STYLE = Automatic;
				FRAMEWORK_SEARCH_PATHS = (
					"$(inherited)",
					"$(PROJECT_DIR)/TestZXCycleBannerView/YYKit/Vendor",
				);
				INFOPLIST_FILE = TestZXCycleBannerView/Info.plist;
				LD_RUNPATH_SEARCH_PATHS = (
					"$(inherited)",
					"@executable_path/Frameworks",
				);
				PRODUCT_BUNDLE_IDENTIFIER = suning.TestZXCycleBannerView;
				PRODUCT_NAME = "$(TARGET_NAME)";
				TARGETED_DEVICE_FAMILY = "1,2";
			};
			name = Release;
		};
		6E481EEA2146494C00C7B0A7 /* Debug */ = {
			isa = XCBuildConfiguration;
			buildSettings = {
				BUNDLE_LOADER = "$(TEST_HOST)";
				CODE_SIGN_STYLE = Automatic;
				INFOPLIST_FILE = TestZXCycleBannerViewTests/Info.plist;
				LD_RUNPATH_SEARCH_PATHS = (
					"$(inherited)",
					"@executable_path/Frameworks",
					"@loader_path/Frameworks",
				);
				PRODUCT_BUNDLE_IDENTIFIER = suning.TestZXCycleBannerViewTests;
				PRODUCT_NAME = "$(TARGET_NAME)";
				TARGETED_DEVICE_FAMILY = "1,2";
				TEST_HOST = "$(BUILT_PRODUCTS_DIR)/TestZXCycleBannerView.app/TestZXCycleBannerView";
			};
			name = Debug;
		};
		6E481EEB2146494C00C7B0A7 /* Release */ = {
			isa = XCBuildConfiguration;
			buildSettings = {
				BUNDLE_LOADER = "$(TEST_HOST)";
				CODE_SIGN_STYLE = Automatic;
				INFOPLIST_FILE = TestZXCycleBannerViewTests/Info.plist;
				LD_RUNPATH_SEARCH_PATHS = (
					"$(inherited)",
					"@executable_path/Frameworks",
					"@loader_path/Frameworks",
				);
				PRODUCT_BUNDLE_IDENTIFIER = suning.TestZXCycleBannerViewTests;
				PRODUCT_NAME = "$(TARGET_NAME)";
				TARGETED_DEVICE_FAMILY = "1,2";
				TEST_HOST = "$(BUILT_PRODUCTS_DIR)/TestZXCycleBannerView.app/TestZXCycleBannerView";
			};
			name = Release;
		};
		6E481EED2146494C00C7B0A7 /* Debug */ = {
			isa = XCBuildConfiguration;
			buildSettings = {
				CODE_SIGN_STYLE = Automatic;
				INFOPLIST_FILE = TestZXCycleBannerViewUITests/Info.plist;
				LD_RUNPATH_SEARCH_PATHS = (
					"$(inherited)",
					"@executable_path/Frameworks",
					"@loader_path/Frameworks",
				);
				PRODUCT_BUNDLE_IDENTIFIER = suning.TestZXCycleBannerViewUITests;
				PRODUCT_NAME = "$(TARGET_NAME)";
				TARGETED_DEVICE_FAMILY = "1,2";
				TEST_TARGET_NAME = TestZXCycleBannerView;
			};
			name = Debug;
		};
		6E481EEE2146494C00C7B0A7 /* Release */ = {
			isa = XCBuildConfiguration;
			buildSettings = {
				CODE_SIGN_STYLE = Automatic;
				INFOPLIST_FILE = TestZXCycleBannerViewUITests/Info.plist;
				LD_RUNPATH_SEARCH_PATHS = (
					"$(inherited)",
					"@executable_path/Frameworks",
					"@loader_path/Frameworks",
				);
				PRODUCT_BUNDLE_IDENTIFIER = suning.TestZXCycleBannerViewUITests;
				PRODUCT_NAME = "$(TARGET_NAME)";
				TARGETED_DEVICE_FAMILY = "1,2";
				TEST_TARGET_NAME = TestZXCycleBannerView;
			};
			name = Release;
		};
/* End XCBuildConfiguration section */

/* Begin XCConfigurationList section */
		6E481EB52146494B00C7B0A7 /* Build configuration list for PBXProject "TestZXCycleBannerView" */ = {
			isa = XCConfigurationList;
			buildConfigurations = (
				6E481EE42146494C00C7B0A7 /* Debug */,
				6E481EE52146494C00C7B0A7 /* Release */,
			);
			defaultConfigurationIsVisible = 0;
			defaultConfigurationName = Release;
		};
		6E481EE62146494C00C7B0A7 /* Build configuration list for PBXNativeTarget "TestZXCycleBannerView" */ = {
			isa = XCConfigurationList;
			buildConfigurations = (
				6E481EE72146494C00C7B0A7 /* Debug */,
				6E481EE82146494C00C7B0A7 /* Release */,
			);
			defaultConfigurationIsVisible = 0;
			defaultConfigurationName = Release;
		};
		6E481EE92146494C00C7B0A7 /* Build configuration list for PBXNativeTarget "TestZXCycleBannerViewTests" */ = {
			isa = XCConfigurationList;
			buildConfigurations = (
				6E481EEA2146494C00C7B0A7 /* Debug */,
				6E481EEB2146494C00C7B0A7 /* Release */,
			);
			defaultConfigurationIsVisible = 0;
			defaultConfigurationName = Release;
		};
		6E481EEC2146494C00C7B0A7 /* Build configuration list for PBXNativeTarget "TestZXCycleBannerViewUITests" */ = {
			isa = XCConfigurationList;
			buildConfigurations = (
				6E481EED2146494C00C7B0A7 /* Debug */,
				6E481EEE2146494C00C7B0A7 /* Release */,
			);
			defaultConfigurationIsVisible = 0;
			defaultConfigurationName = Release;
		};
/* End XCConfigurationList section */
	};
	rootObject = 6E481EB22146494B00C7B0A7 /* Project object */;
}
